
Microsoft Visual Studio Solution File, Format Version 12.00
# Visual Studio Version 17
VisualStudioVersion = 17.12.35707.178
MinimumVisualStudioVersion = 10.0.40219.1
Project("{FAE04EC0-301F-11D3-BF4B-00C04F79EFBC}") = "Lesson2", "ConsoleApp13\Lesson2.csproj", "{2BB88948-7311-4DC4-9344-236DC4DFCBBA}"
EndProject
Project("{FAE04EC0-301F-11D3-BF4B-00C04F79EFBC}") = "Lesson3", "Lesson3\Lesson3.csproj", "{A209DCB7-C644-468B-B5A4-FA38D1AC14E0}"
EndProject
Project("{FAE04EC0-301F-11D3-BF4B-00C04F79EFBC}") = "Lesson4", "Lesson4\Lesson4.csproj", "{1C6CA911-BEA8-47C5-9F50-F21B4C1BC52E}"
EndProject
Global
	GlobalSection(SolutionConfigurationPlatforms) = preSolution
		Debug|Any CPU = Debug|Any CPU
		Release|Any CPU = Release|Any CPU
	EndGlobalSection
	GlobalSection(ProjectConfigurationPlatforms) = postSolution
		{2BB88948-7311-4DC4-9344-236DC4DFCBBA}.Debug|Any CPU.ActiveCfg = Debug|Any CPU
		{2BB88948-7311-4DC4-9344-236DC4DFCBBA}.Debug|Any CPU.Build.0 = Debug|Any CPU
		{2BB88948-7311-4DC4-9344-236DC4DFCBBA}.Release|Any CPU.ActiveCfg = Release|Any CPU
		{2BB88948-7311-4DC4-9344-236DC4DFCBBA}.Release|Any CPU.Build.0 = Release|Any CPU
		{A209DCB7-C644-468B-B5A4-FA38D1AC14E0}.Debug|Any CPU.ActiveCfg = Debug|Any CPU
		{A209DCB7-C644-468B-B5A4-FA38D1AC14E0}.Debug|Any CPU.Build.0 = Debug|Any CPU
		{A209DCB7-C644-468B-B5A4-FA38D1AC14E0}.Release|Any CPU.ActiveCfg = Release|Any CPU
		{A209DCB7-C644-468B-B5A4-FA38D1AC14E0}.Release|Any CPU.Build.0 = Release|Any CPU
		{1C6CA911-BEA8-47C5-9F50-F21B4C1BC52E}.Debug|Any CPU.ActiveCfg = Debug|Any CPU
		{1C6CA911-BEA8-47C5-9F50-F21B4C1BC52E}.Debug|Any CPU.Build.0 = Debug|Any CPU
		{1C6CA911-BEA8-47C5-9F50-F21B4C1BC52E}.Release|Any CPU.ActiveCfg = Release|Any CPU
		{1C6CA911-BEA8-47C5-9F50-F21B4C1BC52E}.Release|Any CPU.Build.0 = Release|Any CPU
	EndGlobalSection
	GlobalSection(SolutionProperties) = preSolution
		HideSolutionNode = FALSE
	EndGlobalSection
EndGlobal
